
Microsoft Visual Studio Solution File, Format Version 12.00
# Visual Studio Version 16
VisualStudioVersion = 16.0.31702.278
MinimumVisualStudioVersion = 10.0.40219.1
Project("{FAE04EC0-301F-11D3-BF4B-00C04F79EFBC}") = "WebApplication1", "WebApplication1\WebApplication1.csproj", "{DEF59647-AA69-490F-8AEF-75A86E2ABED1}"
EndProject
Global
	GlobalSection(SolutionConfigurationPlatforms) = preSolution
		Debug|Any CPU = Debug|Any CPU
		Release|Any CPU = Release|Any CPU
	EndGlobalSection
	GlobalSection(ProjectConfigurationPlatforms) = postSolution
		{DEF59647-AA69-490F-8AEF-75A86E2ABED1}.Debug|Any CPU.ActiveCfg = Debug|Any CPU
		{DEF59647-AA69-490F-8AEF-75A86E2ABED1}.Debug|Any CPU.Build.0 = Debug|Any CPU
		{DEF59647-AA69-490F-8AEF-75A86E2ABED1}.Release|Any CPU.ActiveCfg = Release|Any CPU
		{DEF59647-AA69-490F-8AEF-75A86E2ABED1}.Release|Any CPU.Build.0 = Release|Any CPU
	EndGlobalSection
	GlobalSection(SolutionProperties) = preSolution
		HideSolutionNode = FALSE
	EndGlobalSection
	GlobalSection(ExtensibilityGlobals) = postSolution
		SolutionGuid = {A2D0A557-74C3-4256-B408-324C29437C60}
	EndGlobalSection
EndGlobal
